
Microsoft Visual Studio Solution File, Format Version 12.00
# Visual Studio Version 17
VisualStudioVersion = 17.7.34003.232
MinimumVisualStudioVersion = 10.0.40219.1
Project("{9A19103F-16F7-4668-BE54-9A1E7A4F7556}") = "YetgenAkbankJump.OOPConsole", "YetgenAkbankJump.OOPConsole\YetgenAkbankJump.OOPConsole.csproj", "{C486FECD-3977-472E-9052-9992280214AC}"
EndProject
Project("{2150E333-8FDC-42A3-9474-1A3956D46DE8}") = "Practices", "Practices", "{06700681-759D-4322-A18A-2493588E6450}"
EndProject
Project("{9A19103F-16F7-4668-BE54-9A1E7A4F7556}") = "Week1", "Practices\Week1\Week1.csproj", "{4DA112FC-B3AF-49D0-B2F0-4FE114A89FC1}"
EndProject
Project("{9A19103F-16F7-4668-BE54-9A1E7A4F7556}") = "Week2_1", "Practices\Week2\Week2_1.csproj", "{25FCEF9A-C55A-4875-AF75-93739A8B1BF2}"
EndProject
Project("{9A19103F-16F7-4668-BE54-9A1E7A4F7556}") = "Spotify", "Practices\Week2_2\Spotify.csproj", "{87088507-EA93-4ADD-9093-C03620E5ED44}"
EndProject
Project("{9A19103F-16F7-4668-BE54-9A1E7A4F7556}") = "Calender", "Practices\Calender\Calender.csproj", "{C57D57AA-5126-4045-A182-DBC8F5842801}"
EndProject
Project("{2150E333-8FDC-42A3-9474-1A3956D46DE8}") = "Lectures", "Lectures", "{DC2040E4-0B51-42B0-A014-B2560A187D64}"
EndProject
Project("{9A19103F-16F7-4668-BE54-9A1E7A4F7556}") = "Freelancer", "Freelancer\Freelancer.csproj", "{60EB2D82-82F5-4FAF-8891-CA87F59D79B5}"
EndProject
Project("{9A19103F-16F7-4668-BE54-9A1E7A4F7556}") = "Week3_1", "Practices\Week3_1\Week3_1.csproj", "{EF465B01-E7DD-4397-9847-4E84CD7A5835}"
EndProject
Project("{9A19103F-16F7-4668-BE54-9A1E7A4F7556}") = "ExtensionMethods", "Practices\ExtensionMethods\ExtensionMethods.csproj", "{0A02A804-579B-44B9-B984-E0671773E2C1}"
EndProject
Project("{9A19103F-16F7-4668-BE54-9A1E7A4F7556}") = "FreelanceApp", "Practices\FreelanceApp\FreelanceApp.csproj", "{8BEA9546-DF34-4883-AFEE-B04D1EDDC885}"
EndProject
Project("{2150E333-8FDC-42A3-9474-1A3956D46DE8}") = "ShapeMaster", "ShapeMaster", "{A44C397C-1895-465C-B88E-5C374315A0D7}"
EndProject
Project("{2150E333-8FDC-42A3-9474-1A3956D46DE8}") = "Core", "Core", "{3C075CCC-4DB4-4AAC-8A2F-8E3A70EB504E}"
EndProject
Project("{9A19103F-16F7-4668-BE54-9A1E7A4F7556}") = "ShapeMaster.Domain", "ShapeMaster\Core\ShapeMaster.Domain\ShapeMaster.Domain.csproj", "{7B2D21D7-FC0D-4F02-9AA9-E25F20F942DC}"
EndProject
Project("{2150E333-8FDC-42A3-9474-1A3956D46DE8}") = "Infrastructure", "Infrastructure", "{BC450229-37BB-49C9-9B20-0D07B6E8CE98}"
EndProject
Project("{9A19103F-16F7-4668-BE54-9A1E7A4F7556}") = "ShapeMaster.Infrastructure", "Infrastructure\ShapeMaster.Infrastructure\ShapeMaster.Infrastructure.csproj", "{97EBAFD8-86A3-494B-855B-BB5E57D2D071}"
EndProject
Project("{2150E333-8FDC-42A3-9474-1A3956D46DE8}") = "Presentation", "Presentation", "{CABACB20-62B4-480F-B41C-D93A82B5FFAB}"
EndProject
Project("{9A19103F-16F7-4668-BE54-9A1E7A4F7556}") = "ShapeMaster.Console", "Presentation\ShapeMaster.Console\ShapeMaster.Console.csproj", "{3B708312-8A73-4F6F-A38E-C4AA2035A07F}"
EndProject
Project("{9A19103F-16F7-4668-BE54-9A1E7A4F7556}") = "YetgenAkbankJump.MVCClient", "Lectures\YetgenAkbankJump.MVCClient\YetgenAkbankJump.MVCClient.csproj", "{D76EE3DA-2630-48D2-900B-3ADFA1B7DF54}"
EndProject
Project("{9A19103F-16F7-4668-BE54-9A1E7A4F7556}") = "YetgenAkbankJump.Shared", "Lectures\YetgenAkbankJump.Shared\YetgenAkbankJump.Shared.csproj", "{06DDFAC3-9F95-4FCA-9DA8-6D7272A543C2}"
EndProject
Project("{9A19103F-16F7-4668-BE54-9A1E7A4F7556}") = "EntityFrameworkPractice", "Practices\EntityFrameworkPractice\EntityFrameworkPractice.csproj", "{A7E12F2F-400B-4263-BEAE-60E2B9E53EA0}"
EndProject
Project("{FAE04EC0-301F-11D3-BF4B-00C04F79EFBC}") = "LinqMethods", "Practices\LinqMethods\LinqMethods.csproj", "{B2F80A59-28E0-4715-B82A-DB4348164B21}"
EndProject
Global
	GlobalSection(SolutionConfigurationPlatforms) = preSolution
		Debug|Any CPU = Debug|Any CPU
		Release|Any CPU = Release|Any CPU
	EndGlobalSection
	GlobalSection(ProjectConfigurationPlatforms) = postSolution
		{C486FECD-3977-472E-9052-9992280214AC}.Debug|Any CPU.ActiveCfg = Debug|Any CPU
		{C486FECD-3977-472E-9052-9992280214AC}.Debug|Any CPU.Build.0 = Debug|Any CPU
		{C486FECD-3977-472E-9052-9992280214AC}.Release|Any CPU.ActiveCfg = Release|Any CPU
		{C486FECD-3977-472E-9052-9992280214AC}.Release|Any CPU.Build.0 = Release|Any CPU
		{4DA112FC-B3AF-49D0-B2F0-4FE114A89FC1}.Debug|Any CPU.ActiveCfg = Debug|Any CPU
		{4DA112FC-B3AF-49D0-B2F0-4FE114A89FC1}.Debug|Any CPU.Build.0 = Debug|Any CPU
		{4DA112FC-B3AF-49D0-B2F0-4FE114A89FC1}.Release|Any CPU.ActiveCfg = Release|Any CPU
		{4DA112FC-B3AF-49D0-B2F0-4FE114A89FC1}.Release|Any CPU.Build.0 = Release|Any CPU
		{25FCEF9A-C55A-4875-AF75-93739A8B1BF2}.Debug|Any CPU.ActiveCfg = Debug|Any CPU
		{25FCEF9A-C55A-4875-AF75-93739A8B1BF2}.Debug|Any CPU.Build.0 = Debug|Any CPU
		{25FCEF9A-C55A-4875-AF75-93739A8B1BF2}.Release|Any CPU.ActiveCfg = Release|Any CPU
		{25FCEF9A-C55A-4875-AF75-93739A8B1BF2}.Release|Any CPU.Build.0 = Release|Any CPU
		{87088507-EA93-4ADD-9093-C03620E5ED44}.Debug|Any CPU.ActiveCfg = Debug|Any CPU
		{87088507-EA93-4ADD-9093-C03620E5ED44}.Debug|Any CPU.Build.0 = Debug|Any CPU
		{87088507-EA93-4ADD-9093-C03620E5ED44}.Release|Any CPU.ActiveCfg = Release|Any CPU
		{87088507-EA93-4ADD-9093-C03620E5ED44}.Release|Any CPU.Build.0 = Release|Any CPU
		{C57D57AA-5126-4045-A182-DBC8F5842801}.Debug|Any CPU.ActiveCfg = Debug|Any CPU
		{C57D57AA-5126-4045-A182-DBC8F5842801}.Debug|Any CPU.Build.0 = Debug|Any CPU
		{C57D57AA-5126-4045-A182-DBC8F5842801}.Release|Any CPU.ActiveCfg = Release|Any CPU
		{C57D57AA-5126-4045-A182-DBC8F5842801}.Release|Any CPU.Build.0 = Release|Any CPU
		{60EB2D82-82F5-4FAF-8891-CA87F59D79B5}.Debug|Any CPU.ActiveCfg = Debug|Any CPU
		{60EB2D82-82F5-4FAF-8891-CA87F59D79B5}.Debug|Any CPU.Build.0 = Debug|Any CPU
		{60EB2D82-82F5-4FAF-8891-CA87F59D79B5}.Release|Any CPU.ActiveCfg = Release|Any CPU
		{60EB2D82-82F5-4FAF-8891-CA87F59D79B5}.Release|Any CPU.Build.0 = Release|Any CPU
		{EF465B01-E7DD-4397-9847-4E84CD7A5835}.Debug|Any CPU.ActiveCfg = Debug|Any CPU
		{EF465B01-E7DD-4397-9847-4E84CD7A5835}.Debug|Any CPU.Build.0 = Debug|Any CPU
		{EF465B01-E7DD-4397-9847-4E84CD7A5835}.Release|Any CPU.ActiveCfg = Release|Any CPU
		{EF465B01-E7DD-4397-9847-4E84CD7A5835}.Release|Any CPU.Build.0 = Release|Any CPU
		{0A02A804-579B-44B9-B984-E0671773E2C1}.Debug|Any CPU.ActiveCfg = Debug|Any CPU
		{0A02A804-579B-44B9-B984-E0671773E2C1}.Debug|Any CPU.Build.0 = Debug|Any CPU
		{0A02A804-579B-44B9-B984-E0671773E2C1}.Release|Any CPU.ActiveCfg = Release|Any CPU
		{0A02A804-579B-44B9-B984-E0671773E2C1}.Release|Any CPU.Build.0 = Release|Any CPU
		{8BEA9546-DF34-4883-AFEE-B04D1EDDC885}.Debug|Any CPU.ActiveCfg = Debug|Any CPU
		{8BEA9546-DF34-4883-AFEE-B04D1EDDC885}.Debug|Any CPU.Build.0 = Debug|Any CPU
		{8BEA9546-DF34-4883-AFEE-B04D1EDDC885}.Release|Any CPU.ActiveCfg = Release|Any CPU
		{8BEA9546-DF34-4883-AFEE-B04D1EDDC885}.Release|Any CPU.Build.0 = Release|Any CPU
		{7B2D21D7-FC0D-4F02-9AA9-E25F20F942DC}.Debug|Any CPU.ActiveCfg = Debug|Any CPU
		{7B2D21D7-FC0D-4F02-9AA9-E25F20F942DC}.Debug|Any CPU.Build.0 = Debug|Any CPU
		{7B2D21D7-FC0D-4F02-9AA9-E25F20F942DC}.Release|Any CPU.ActiveCfg = Release|Any CPU
		{7B2D21D7-FC0D-4F02-9AA9-E25F20F942DC}.Release|Any CPU.Build.0 = Release|Any CPU
		{97EBAFD8-86A3-494B-855B-BB5E57D2D071}.Debug|Any CPU.ActiveCfg = Debug|Any CPU
		{97EBAFD8-86A3-494B-855B-BB5E57D2D071}.Debug|Any CPU.Build.0 = Debug|Any CPU
		{97EBAFD8-86A3-494B-855B-BB5E57D2D071}.Release|Any CPU.ActiveCfg = Release|Any CPU
		{97EBAFD8-86A3-494B-855B-BB5E57D2D071}.Release|Any CPU.Build.0 = Release|Any CPU
		{3B708312-8A73-4F6F-A38E-C4AA2035A07F}.Debug|Any CPU.ActiveCfg = Debug|Any CPU
		{3B708312-8A73-4F6F-A38E-C4AA2035A07F}.Debug|Any CPU.Build.0 = Debug|Any CPU
		{3B708312-8A73-4F6F-A38E-C4AA2035A07F}.Release|Any CPU.ActiveCfg = Release|Any CPU
		{3B708312-8A73-4F6F-A38E-C4AA2035A07F}.Release|Any CPU.Build.0 = Release|Any CPU
		{D76EE3DA-2630-48D2-900B-3ADFA1B7DF54}.Debug|Any CPU.ActiveCfg = Debug|Any CPU
		{D76EE3DA-2630-48D2-900B-3ADFA1B7DF54}.Debug|Any CPU.Build.0 = Debug|Any CPU
		{D76EE3DA-2630-48D2-900B-3ADFA1B7DF54}.Release|Any CPU.ActiveCfg = Release|Any CPU
		{D76EE3DA-2630-48D2-900B-3ADFA1B7DF54}.Release|Any CPU.Build.0 = Release|Any CPU
		{06DDFAC3-9F95-4FCA-9DA8-6D7272A543C2}.Debug|Any CPU.ActiveCfg = Debug|Any CPU
		{06DDFAC3-9F95-4FCA-9DA8-6D7272A543C2}.Debug|Any CPU.Build.0 = Debug|Any CPU
		{06DDFAC3-9F95-4FCA-9DA8-6D7272A543C2}.Release|Any CPU.ActiveCfg = Release|Any CPU
		{06DDFAC3-9F95-4FCA-9DA8-6D7272A543C2}.Release|Any CPU.Build.0 = Release|Any CPU
		{A7E12F2F-400B-4263-BEAE-60E2B9E53EA0}.Debug|Any CPU.ActiveCfg = Debug|Any CPU
		{A7E12F2F-400B-4263-BEAE-60E2B9E53EA0}.Debug|Any CPU.Build.0 = Debug|Any CPU
		{A7E12F2F-400B-4263-BEAE-60E2B9E53EA0}.Release|Any CPU.ActiveCfg = Release|Any CPU
		{A7E12F2F-400B-4263-BEAE-60E2B9E53EA0}.Release|Any CPU.Build.0 = Release|Any CPU
		{B2F80A59-28E0-4715-B82A-DB4348164B21}.Debug|Any CPU.ActiveCfg = Debug|Any CPU
		{B2F80A59-28E0-4715-B82A-DB4348164B21}.Debug|Any CPU.Build.0 = Debug|Any CPU
		{B2F80A59-28E0-4715-B82A-DB4348164B21}.Release|Any CPU.ActiveCfg = Release|Any CPU
		{B2F80A59-28E0-4715-B82A-DB4348164B21}.Release|Any CPU.Build.0 = Release|Any CPU
	EndGlobalSection
	GlobalSection(SolutionProperties) = preSolution
		HideSolutionNode = FALSE
	EndGlobalSection
	GlobalSection(NestedProjects) = preSolution
		{C486FECD-3977-472E-9052-9992280214AC} = {DC2040E4-0B51-42B0-A014-B2560A187D64}
		{4DA112FC-B3AF-49D0-B2F0-4FE114A89FC1} = {06700681-759D-4322-A18A-2493588E6450}
		{25FCEF9A-C55A-4875-AF75-93739A8B1BF2} = {06700681-759D-4322-A18A-2493588E6450}
		{87088507-EA93-4ADD-9093-C03620E5ED44} = {06700681-759D-4322-A18A-2493588E6450}
		{C57D57AA-5126-4045-A182-DBC8F5842801} = {06700681-759D-4322-A18A-2493588E6450}
		{60EB2D82-82F5-4FAF-8891-CA87F59D79B5} = {DC2040E4-0B51-42B0-A014-B2560A187D64}
		{EF465B01-E7DD-4397-9847-4E84CD7A5835} = {06700681-759D-4322-A18A-2493588E6450}
		{0A02A804-579B-44B9-B984-E0671773E2C1} = {06700681-759D-4322-A18A-2493588E6450}
		{8BEA9546-DF34-4883-AFEE-B04D1EDDC885} = {06700681-759D-4322-A18A-2493588E6450}
		{A44C397C-1895-465C-B88E-5C374315A0D7} = {DC2040E4-0B51-42B0-A014-B2560A187D64}
		{3C075CCC-4DB4-4AAC-8A2F-8E3A70EB504E} = {A44C397C-1895-465C-B88E-5C374315A0D7}
		{7B2D21D7-FC0D-4F02-9AA9-E25F20F942DC} = {3C075CCC-4DB4-4AAC-8A2F-8E3A70EB504E}
		{BC450229-37BB-49C9-9B20-0D07B6E8CE98} = {A44C397C-1895-465C-B88E-5C374315A0D7}
		{97EBAFD8-86A3-494B-855B-BB5E57D2D071} = {BC450229-37BB-49C9-9B20-0D07B6E8CE98}
		{CABACB20-62B4-480F-B41C-D93A82B5FFAB} = {A44C397C-1895-465C-B88E-5C374315A0D7}
		{3B708312-8A73-4F6F-A38E-C4AA2035A07F} = {CABACB20-62B4-480F-B41C-D93A82B5FFAB}
		{D76EE3DA-2630-48D2-900B-3ADFA1B7DF54} = {DC2040E4-0B51-42B0-A014-B2560A187D64}
		{06DDFAC3-9F95-4FCA-9DA8-6D7272A543C2} = {DC2040E4-0B51-42B0-A014-B2560A187D64}
		{A7E12F2F-400B-4263-BEAE-60E2B9E53EA0} = {06700681-759D-4322-A18A-2493588E6450}
		{B2F80A59-28E0-4715-B82A-DB4348164B21} = {06700681-759D-4322-A18A-2493588E6450}
	EndGlobalSection
	GlobalSection(ExtensibilityGlobals) = postSolution
		SolutionGuid = {0FE9854B-A218-4F16-8444-44EAE33EBE5E}
	EndGlobalSection
EndGlobal
